{
  "name": "ping",
  "version": "1.0.0",
  "lockfileVersion": 1,
  "requires": true,
  "dependencies": {
    "isopen": {
      "version": "1.2.2",
      "resolved": "https://registry.npmjs.org/isopen/-/isopen-1.2.2.tgz",
      "integrity": "sha512-nzbs7WzaucCRuhoqy4OMEAZlMel55Ee6fHkIlSYQQ0x+8OUNycOcikf877uspN0OuY8vjcV01CfUPYuM4AwZoQ=="
    },
    "ping": {
      "version": "git+https://github.com/ubcent/node-ping.git#f5cdb6cd706ed317bf3d2c39c5d5d31df428e0bf",
      "from": "git+https://github.com/ubcent/node-ping.git",
      "requires": {
        "q": "1.x",
        "underscore": "^1.8.3"
      }
    },
    "ping-subnet": {
      "version": "1.1.2",
      "resolved": "https://registry.npmjs.org/ping-subnet/-/ping-subnet-1.1.2.tgz",
      "integrity": "sha512-Rh5USfRbAoFmAMte+O5VKzaHQCIDVm8OQJAMbArycBuoN6khiskZlmUfWdYanXnlCBbK3QAJUqHZ+717XvmTsQ==",
      "requires": {
        "ping": "git+https://github.com/ubcent/node-ping.git"
      }
    },
    "q": {
      "version": "1.5.1",
      "resolved": "https://registry.npmjs.org/q/-/q-1.5.1.tgz",
      "integrity": "sha1-fjL3W0E4EpHQRhHxvxQQmsAGUdc="
    },
    "underscore": {
      "version": "1.13.1",
      "resolved": "https://registry.npmjs.org/underscore/-/underscore-1.13.1.tgz",
      "integrity": "sha512-hzSoAVtJF+3ZtiFX0VgfFPHEDRm7Y/QPjGyNo4TVdnDTdft3tr8hEkD25a1jC+TjTuE7tkHGKkhwCgs9dgBB2g=="
    }
  }
}
